PODS:
  - Flutter (1.0.0)
  - network_info_plus (0.0.1):
    - Flutter

DEPENDENCIES:
  - Flutter (from `Flutter`)
  - network_info_plus (from `.symlinks/plugins/network_info_plus/ios`)

EXTERNAL SOURCES:
  Flutter:
    :path: Flutter
  network_info_plus:
    :path: ".symlinks/plugins/network_info_plus/ios"

SPEC CHECKSUMS:
  Flutter: f04841e97a9d0b0a8025694d0796dd46242b2854
  network_info_plus: 122280582fe2fa2bbb8681a4269745cd5c3a9b32

PODFILE CHECKSUM: 70d9d25280d0dd177a5f637cdb0f0b0b12c6a189

COCOAPODS: 1.11.2
